
Microsoft Visual Studio Solution File, Format Version 12.00
# Visual Studio Version 16
VisualStudioVersion = 16.0.32106.194
MinimumVisualStudioVersion = 10.0.40219.1
Project("{F184B08F-C81C-45F6-A57F-5ABD9991F28F}") = "Tarea4--201603176", "Tarea4--201603176\Tarea4--201603176.vbproj", "{C8DC2985-9454-4A9D-8146-86D92E75319A}"
EndProject
Global
	GlobalSection(SolutionConfigurationPlatforms) = preSolution
		Debug|Any CPU = Debug|Any CPU
		Release|Any CPU = Release|Any CPU
	EndGlobalSection
	GlobalSection(ProjectConfigurationPlatforms) = postSolution
		{C8DC2985-9454-4A9D-8146-86D92E75319A}.Debug|Any CPU.ActiveCfg = Debug|Any CPU
		{C8DC2985-9454-4A9D-8146-86D92E75319A}.Debug|Any CPU.Build.0 = Debug|Any CPU
		{C8DC2985-9454-4A9D-8146-86D92E75319A}.Release|Any CPU.ActiveCfg = Release|Any CPU
		{C8DC2985-9454-4A9D-8146-86D92E75319A}.Release|Any CPU.Build.0 = Release|Any CPU
	EndGlobalSection
	GlobalSection(SolutionProperties) = preSolution
		HideSolutionNode = FALSE
	EndGlobalSection
	GlobalSection(ExtensibilityGlobals) = postSolution
		SolutionGuid = {13BCA3CB-3E39-47DD-A8DD-4C345374F1DC}
	EndGlobalSection
EndGlobal
